// !$*UTF8*$!
{
	archiveVersion = 1;
	classes = {
	};
	objectVersion = 56;
	objects = {

/* Begin PBXBuildFile section */
		EC5CB8F62BF0EC8E001369C6 /* AppMain.swift in Sources */ = {isa = PBXBuildFile; fileRef = EC5CB8F52BF0EC8E001369C6 /* AppMain.swift */; };
		EC5CB8FA2BF0EC8E001369C6 /* Assets.xcassets in Resources */ = {isa = PBXBuildFile; fileRef = EC5CB8F92BF0EC8E001369C6 /* Assets.xcassets */; };
		EC5CB8FD2BF0EC8E001369C6 /* Preview Assets.xcassets in Resources */ = {isa = PBXBuildFile; fileRef = EC5CB8FC2BF0EC8E001369C6 /* Preview Assets.xcassets */; };
		EC5CB9052BF0ECBC001369C6 /* LinkNavigator in Frameworks */ = {isa = PBXBuildFile; productRef = EC5CB9042BF0ECBC001369C6 /* LinkNavigator */; };
		EC5CB9072BF0ECFB001369C6 /* RouteBuilderGroup.swift in Sources */ = {isa = PBXBuildFile; fileRef = EC5CB9062BF0ECFB001369C6 /* RouteBuilderGroup.swift */; };
		EC5CB9092BF0ED11001369C6 /* LinkNavigator+.swift in Sources */ = {isa = PBXBuildFile; fileRef = EC5CB9082BF0ED11001369C6 /* LinkNavigator+.swift */; };
		EC5CB90B2BF0ED71001369C6 /* AppDependency.swift in Sources */ = {isa = PBXBuildFile; fileRef = EC5CB90A2BF0ED71001369C6 /* AppDependency.swift */; };
		EC5CB90F2BF0EDD3001369C6 /* HomePage.swift in Sources */ = {isa = PBXBuildFile; fileRef = EC5CB90E2BF0EDD3001369C6 /* HomePage.swift */; };
		EC5CB9112BF0EDD9001369C6 /* HomeRouteBuilder.swift in Sources */ = {isa = PBXBuildFile; fileRef = EC5CB9102BF0EDD9001369C6 /* HomeRouteBuilder.swift */; };
		EC5CB9142BF0EF04001369C6 /* Geometry1Page.swift in Sources */ = {isa = PBXBuildFile; fileRef = EC5CB9132BF0EF04001369C6 /* Geometry1Page.swift */; };
		EC5CB9162BF0EF0B001369C6 /* Geometry1RouteBuilder.swift in Sources */ = {isa = PBXBuildFile; fileRef = EC5CB9152BF0EF0B001369C6 /* Geometry1RouteBuilder.swift */; };
		ECB403F82BF24C3900292762 /* OffsetKey.swift in Sources */ = {isa = PBXBuildFile; fileRef = ECB403F72BF24C3900292762 /* OffsetKey.swift */; };
		ECB403FC2BF24C6A00292762 /* PicItem.swift in Sources */ = {isa = PBXBuildFile; fileRef = ECB403FB2BF24C6A00292762 /* PicItem.swift */; };
		ECB403FE2BF24C7200292762 /* Post.swift in Sources */ = {isa = PBXBuildFile; fileRef = ECB403FD2BF24C7200292762 /* Post.swift */; };
		ECB404002BF24CB100292762 /* Geometry1DetailPage.swift in Sources */ = {isa = PBXBuildFile; fileRef = ECB403FF2BF24CB100292762 /* Geometry1DetailPage.swift */; };
		ECB404022BF24CDD00292762 /* Geometry1DetailRouteBuilder.swift in Sources */ = {isa = PBXBuildFile; fileRef = ECB404012BF24CDD00292762 /* Geometry1DetailRouteBuilder.swift */; };
/* End PBXBuildFile section */

/* Begin PBXFileReference section */
		EC5CB8F22BF0EC8E001369C6 /* AnimationTutorial.app */ = {isa = PBXFileReference; explicitFileType = wrapper.application; includeInIndex = 0; path = AnimationTutorial.app; sourceTree = BUILT_PRODUCTS_DIR; };
		EC5CB8F52BF0EC8E001369C6 /* AppMain.swift */ = {isa = PBXFileReference; lastKnownFileType = sourcecode.swift; path = AppMain.swift; sourceTree = "<group>"; };
		EC5CB8F92BF0EC8E001369C6 /* Assets.xcassets */ = {isa = PBXFileReference; lastKnownFileType = folder.assetcatalog; path = Assets.xcassets; sourceTree = "<group>"; };
		EC5CB8FC2BF0EC8E001369C6 /* Preview Assets.xcassets */ = {isa = PBXFileReference; lastKnownFileType = folder.assetcatalog; path = "Preview Assets.xcassets"; sourceTree = "<group>"; };
		EC5CB9062BF0ECFB001369C6 /* RouteBuilderGroup.swift */ = {isa = PBXFileReference; lastKnownFileType = sourcecode.swift; path = RouteBuilderGroup.swift; sourceTree = "<group>"; };
		EC5CB9082BF0ED11001369C6 /* LinkNavigator+.swift */ = {isa = PBXFileReference; lastKnownFileType = sourcecode.swift; path = "LinkNavigator+.swift"; sourceTree = "<group>"; };
		EC5CB90A2BF0ED71001369C6 /* AppDependency.swift */ = {isa = PBXFileReference; lastKnownFileType = sourcecode.swift; path = AppDependency.swift; sourceTree = "<group>"; };
		EC5CB90E2BF0EDD3001369C6 /* HomePage.swift */ = {isa = PBXFileReference; lastKnownFileType = sourcecode.swift; path = HomePage.swift; sourceTree = "<group>"; };
		EC5CB9102BF0EDD9001369C6 /* HomeRouteBuilder.swift */ = {isa = PBXFileReference; lastKnownFileType = sourcecode.swift; path = HomeRouteBuilder.swift; sourceTree = "<group>"; };
		EC5CB9132BF0EF04001369C6 /* Geometry1Page.swift */ = {isa = PBXFileReference; lastKnownFileType = sourcecode.swift; path = Geometry1Page.swift; sourceTree = "<group>"; };
		EC5CB9152BF0EF0B001369C6 /* Geometry1RouteBuilder.swift */ = {isa = PBXFileReference; lastKnownFileType = sourcecode.swift; path = Geometry1RouteBuilder.swift; sourceTree = "<group>"; };
		ECB403F72BF24C3900292762 /* OffsetKey.swift */ = {isa = PBXFileReference; lastKnownFileType = sourcecode.swift; path = OffsetKey.swift; sourceTree = "<group>"; };
		ECB403FB2BF24C6A00292762 /* PicItem.swift */ = {isa = PBXFileReference; lastKnownFileType = sourcecode.swift; path = PicItem.swift; sourceTree = "<group>"; };
		ECB403FD2BF24C7200292762 /* Post.swift */ = {isa = PBXFileReference; lastKnownFileType = sourcecode.swift; path = Post.swift; sourceTree = "<group>"; };
		ECB403FF2BF24CB100292762 /* Geometry1DetailPage.swift */ = {isa = PBXFileReference; lastKnownFileType = sourcecode.swift; path = Geometry1DetailPage.swift; sourceTree = "<group>"; };
		ECB404012BF24CDD00292762 /* Geometry1DetailRouteBuilder.swift */ = {isa = PBXFileReference; lastKnownFileType = sourcecode.swift; path = Geometry1DetailRouteBuilder.swift; sourceTree = "<group>"; };
/* End PBXFileReference section */

/* Begin PBXFrameworksBuildPhase section */
		EC5CB8EF2BF0EC8E001369C6 /* Frameworks */ = {
			isa = PBXFrameworksBuildPhase;
			buildActionMask = 2147483647;
			files = (
				EC5CB9052BF0ECBC001369C6 /* LinkNavigator in Frameworks */,
			);
			runOnlyForDeploymentPostprocessing = 0;
		};
/* End PBXFrameworksBuildPhase section */

/* Begin PBXGroup section */
		EC5CB8E92BF0EC8E001369C6 = {
			isa = PBXGroup;
			children = (
				EC5CB8F42BF0EC8E001369C6 /* AnimationTutorial */,
				EC5CB8F32BF0EC8E001369C6 /* Products */,
			);
			sourceTree = "<group>";
		};
		EC5CB8F32BF0EC8E001369C6 /* Products */ = {
			isa = PBXGroup;
			children = (
				EC5CB8F22BF0EC8E001369C6 /* AnimationTutorial.app */,
			);
			name = Products;
			sourceTree = "<group>";
		};
		EC5CB8F42BF0EC8E001369C6 /* AnimationTutorial */ = {
			isa = PBXGroup;
			children = (
				EC5CB9122BF0EEF3001369C6 /* Geometry1 */,
				EC5CB90D2BF0EDCF001369C6 /* Home */,
				EC5CB8F52BF0EC8E001369C6 /* AppMain.swift */,
				EC5CB9062BF0ECFB001369C6 /* RouteBuilderGroup.swift */,
				EC5CB90A2BF0ED71001369C6 /* AppDependency.swift */,
				EC5CB9082BF0ED11001369C6 /* LinkNavigator+.swift */,
				EC5CB8F92BF0EC8E001369C6 /* Assets.xcassets */,
				EC5CB8FB2BF0EC8E001369C6 /* Preview Content */,
			);
			path = AnimationTutorial;
			sourceTree = "<group>";
		};
		EC5CB8FB2BF0EC8E001369C6 /* Preview Content */ = {
			isa = PBXGroup;
			children = (
				EC5CB8FC2BF0EC8E001369C6 /* Preview Assets.xcassets */,
			);
			path = "Preview Content";
			sourceTree = "<group>";
		};
		EC5CB90C2BF0EDC5001369C6 /* Page */ = {
			isa = PBXGroup;
			children = (
				EC5CB9132BF0EF04001369C6 /* Geometry1Page.swift */,
				ECB403FF2BF24CB100292762 /* Geometry1DetailPage.swift */,
			);
			path = Page;
			sourceTree = "<group>";
		};
		EC5CB90D2BF0EDCF001369C6 /* Home */ = {
			isa = PBXGroup;
			children = (
				EC5CB90E2BF0EDD3001369C6 /* HomePage.swift */,
				EC5CB9102BF0EDD9001369C6 /* HomeRouteBuilder.swift */,
			);
			path = Home;
			sourceTree = "<group>";
		};
		EC5CB9122BF0EEF3001369C6 /* Geometry1 */ = {
			isa = PBXGroup;
			children = (
				EC5CB90C2BF0EDC5001369C6 /* Page */,
				ECB403FA2BF24C4F00292762 /* Model */,
				ECB403F62BF24C2B00292762 /* Helper */,
				EC5CB9152BF0EF0B001369C6 /* Geometry1RouteBuilder.swift */,
				ECB404012BF24CDD00292762 /* Geometry1DetailRouteBuilder.swift */,
			);
			path = Geometry1;
			sourceTree = "<group>";
		};
		ECB403F62BF24C2B00292762 /* Helper */ = {
			isa = PBXGroup;
			children = (
				ECB403F72BF24C3900292762 /* OffsetKey.swift */,
			);
			path = Helper;
			sourceTree = "<group>";
		};
		ECB403FA2BF24C4F00292762 /* Model */ = {
			isa = PBXGroup;
			children = (
				ECB403FB2BF24C6A00292762 /* PicItem.swift */,
				ECB403FD2BF24C7200292762 /* Post.swift */,
			);
			path = Model;
			sourceTree = "<group>";
		};
/* End PBXGroup section */

/* Begin PBXNativeTarget section */
		EC5CB8F12BF0EC8E001369C6 /* AnimationTutorial */ = {
			isa = PBXNativeTarget;
			buildConfigurationList = EC5CB9002BF0EC8E001369C6 /* Build configuration list for PBXNativeTarget "AnimationTutorial" */;
			buildPhases = (
				EC5CB8EE2BF0EC8E001369C6 /* Sources */,
				EC5CB8EF2BF0EC8E001369C6 /* Frameworks */,
				EC5CB8F02BF0EC8E001369C6 /* Resources */,
			);
			buildRules = (
			);
			dependencies = (
			);
			name = AnimationTutorial;
			packageProductDependencies = (
				EC5CB9042BF0ECBC001369C6 /* LinkNavigator */,
			);
			productName = AnimationTutorial;
			productReference = EC5CB8F22BF0EC8E001369C6 /* AnimationTutorial.app */;
			productType = "com.apple.product-type.application";
		};
/* End PBXNativeTarget section */

/* Begin PBXProject section */
		EC5CB8EA2BF0EC8E001369C6 /* Project object */ = {
			isa = PBXProject;
			attributes = {
				BuildIndependentTargetsInParallel = 1;
				LastSwiftUpdateCheck = 1530;
				LastUpgradeCheck = 1530;
				TargetAttributes = {
					EC5CB8F12BF0EC8E001369C6 = {
						CreatedOnToolsVersion = 15.3;
					};
				};
			};
			buildConfigurationList = EC5CB8ED2BF0EC8E001369C6 /* Build configuration list for PBXProject "AnimationTutorial" */;
			compatibilityVersion = "Xcode 14.0";
			developmentRegion = en;
			hasScannedForEncodings = 0;
			knownRegions = (
				en,
				Base,
			);
			mainGroup = EC5CB8E92BF0EC8E001369C6;
			packageReferences = (
				EC5CB9032BF0ECBC001369C6 /* XCRemoteSwiftPackageReference "LinkNavigator" */,
			);
			productRefGroup = EC5CB8F32BF0EC8E001369C6 /* Products */;
			projectDirPath = "";
			projectRoot = "";
			targets = (
				EC5CB8F12BF0EC8E001369C6 /* AnimationTutorial */,
			);
		};
/* End PBXProject section */

/* Begin PBXResourcesBuildPhase section */
		EC5CB8F02BF0EC8E001369C6 /* Resources */ = {
			isa = PBXResourcesBuildPhase;
			buildActionMask = 2147483647;
			files = (
				EC5CB8FD2BF0EC8E001369C6 /* Preview Assets.xcassets in Resources */,
				EC5CB8FA2BF0EC8E001369C6 /* Assets.xcassets in Resources */,
			);
			runOnlyForDeploymentPostprocessing = 0;
		};
/* End PBXResourcesBuildPhase section */

/* Begin PBXSourcesBuildPhase section */
		EC5CB8EE2BF0EC8E001369C6 /* Sources */ = {
			isa = PBXSourcesBuildPhase;
			buildActionMask = 2147483647;
			files = (
				EC5CB9072BF0ECFB001369C6 /* RouteBuilderGroup.swift in Sources */,
				ECB403FE2BF24C7200292762 /* Post.swift in Sources */,
				EC5CB9162BF0EF0B001369C6 /* Geometry1RouteBuilder.swift in Sources */,
				ECB404002BF24CB100292762 /* Geometry1DetailPage.swift in Sources */,
				EC5CB9142BF0EF04001369C6 /* Geometry1Page.swift in Sources */,
				ECB403FC2BF24C6A00292762 /* PicItem.swift in Sources */,
				ECB404022BF24CDD00292762 /* Geometry1DetailRouteBuilder.swift in Sources */,
				EC5CB90F2BF0EDD3001369C6 /* HomePage.swift in Sources */,
				EC5CB90B2BF0ED71001369C6 /* AppDependency.swift in Sources */,
				EC5CB8F62BF0EC8E001369C6 /* AppMain.swift in Sources */,
				ECB403F82BF24C3900292762 /* OffsetKey.swift in Sources */,
				EC5CB9092BF0ED11001369C6 /* LinkNavigator+.swift in Sources */,
				EC5CB9112BF0EDD9001369C6 /* HomeRouteBuilder.swift in Sources */,
			);
			runOnlyForDeploymentPostprocessing = 0;
		};
/* End PBXSourcesBuildPhase section */

/* Begin XCBuildConfiguration section */
		EC5CB8FE2BF0EC8E001369C6 /* Debug */ = {
			isa = XCBuildConfiguration;
			buildSettings = {
				ALWAYS_SEARCH_USER_PATHS = NO;
				ASSETCATALOG_COMPILER_GENERATE_SWIFT_ASSET_SYMBOL_EXTENSIONS = YES;
				CLANG_ANALYZER_NONNULL = YES;
				CLANG_ANALYZER_NUMBER_OBJECT_CONVERSION = YES_AGGRESSIVE;
				CLANG_CXX_LANGUAGE_STANDARD = "gnu++20";
				CLANG_ENABLE_MODULES = YES;
				CLANG_ENABLE_OBJC_ARC = YES;
				CLANG_ENABLE_OBJC_WEAK = YES;
				CLANG_WARN_BLOCK_CAPTURE_AUTORELEASING = YES;
				CLANG_WARN_BOOL_CONVERSION = YES;
				CLANG_WARN_COMMA = YES;
				CLANG_WARN_CONSTANT_CONVERSION = YES;
				CLANG_WARN_DEPRECATED_OBJC_IMPLEMENTATIONS = YES;
				CLANG_WARN_DIRECT_OBJC_ISA_USAGE = YES_ERROR;
				CLANG_WARN_DOCUMENTATION_COMMENTS = YES;
				CLANG_WARN_EMPTY_BODY = YES;
				CLANG_WARN_ENUM_CONVERSION = YES;
				CLANG_WARN_INFINITE_RECURSION = YES;
				CLANG_WARN_INT_CONVERSION = YES;
				CLANG_WARN_NON_LITERAL_NULL_CONVERSION = YES;
				CLANG_WARN_OBJC_IMPLICIT_RETAIN_SELF = YES;
				CLANG_WARN_OBJC_LITERAL_CONVERSION = YES;
				CLANG_WARN_OBJC_ROOT_CLASS = YES_ERROR;
				CLANG_WARN_QUOTED_INCLUDE_IN_FRAMEWORK_HEADER = YES;
				CLANG_WARN_RANGE_LOOP_ANALYSIS = YES;
				CLANG_WARN_STRICT_PROTOTYPES = YES;
				CLANG_WARN_SUSPICIOUS_MOVE = YES;
				CLANG_WARN_UNGUARDED_AVAILABILITY = YES_AGGRESSIVE;
				CLANG_WARN_UNREACHABLE_CODE = YES;
				CLANG_WARN__DUPLICATE_METHOD_MATCH = YES;
				COPY_PHASE_STRIP = NO;
				DEBUG_INFORMATION_FORMAT = dwarf;
				ENABLE_STRICT_OBJC_MSGSEND = YES;
				ENABLE_TESTABILITY = YES;
				ENABLE_USER_SCRIPT_SANDBOXING = YES;
				GCC_C_LANGUAGE_STANDARD = gnu17;
				GCC_DYNAMIC_NO_PIC = NO;
				GCC_NO_COMMON_BLOCKS = YES;
				GCC_OPTIMIZATION_LEVEL = 0;
				GCC_PREPROCESSOR_DEFINITIONS = (
					"DEBUG=1",
					"$(inherited)",
				);
				GCC_WARN_64_TO_32_BIT_CONVERSION = YES;
				GCC_WARN_ABOUT_RETURN_TYPE = YES_ERROR;
				GCC_WARN_UNDECLARED_SELECTOR = YES;
				GCC_WARN_UNINITIALIZED_AUTOS = YES_AGGRESSIVE;
				GCC_WARN_UNUSED_FUNCTION = YES;
				GCC_WARN_UNUSED_VARIABLE = YES;
				IPHONEOS_DEPLOYMENT_TARGET = 17.4;
				LOCALIZATION_PREFERS_STRING_CATALOGS = YES;
				MTL_ENABLE_DEBUG_INFO = INCLUDE_SOURCE;
				MTL_FAST_MATH = YES;
				ONLY_ACTIVE_ARCH = YES;
				SDKROOT = iphoneos;
				SWIFT_ACTIVE_COMPILATION_CONDITIONS = "DEBUG $(inherited)";
				SWIFT_OPTIMIZATION_LEVEL = "-Onone";
			};
			name = Debug;
		};
		EC5CB8FF2BF0EC8E001369C6 /* Release */ = {
			isa = XCBuildConfiguration;
			buildSettings = {
				ALWAYS_SEARCH_USER_PATHS = NO;
				ASSETCATALOG_COMPILER_GENERATE_SWIFT_ASSET_SYMBOL_EXTENSIONS = YES;
				CLANG_ANALYZER_NONNULL = YES;
				CLANG_ANALYZER_NUMBER_OBJECT_CONVERSION = YES_AGGRESSIVE;
				CLANG_CXX_LANGUAGE_STANDARD = "gnu++20";
				CLANG_ENABLE_MODULES = YES;
				CLANG_ENABLE_OBJC_ARC = YES;
				CLANG_ENABLE_OBJC_WEAK = YES;
				CLANG_WARN_BLOCK_CAPTURE_AUTORELEASING = YES;
				CLANG_WARN_BOOL_CONVERSION = YES;
				CLANG_WARN_COMMA = YES;
				CLANG_WARN_CONSTANT_CONVERSION = YES;
				CLANG_WARN_DEPRECATED_OBJC_IMPLEMENTATIONS = YES;
				CLANG_WARN_DIRECT_OBJC_ISA_USAGE = YES_ERROR;
				CLANG_WARN_DOCUMENTATION_COMMENTS = YES;
				CLANG_WARN_EMPTY_BODY = YES;
				CLANG_WARN_ENUM_CONVERSION = YES;
				CLANG_WARN_INFINITE_RECURSION = YES;
				CLANG_WARN_INT_CONVERSION = YES;
				CLANG_WARN_NON_LITERAL_NULL_CONVERSION = YES;
				CLANG_WARN_OBJC_IMPLICIT_RETAIN_SELF = YES;
				CLANG_WARN_OBJC_LITERAL_CONVERSION = YES;
				CLANG_WARN_OBJC_ROOT_CLASS = YES_ERROR;
				CLANG_WARN_QUOTED_INCLUDE_IN_FRAMEWORK_HEADER = YES;
				CLANG_WARN_RANGE_LOOP_ANALYSIS = YES;
				CLANG_WARN_STRICT_PROTOTYPES = YES;
				CLANG_WARN_SUSPICIOUS_MOVE = YES;
				CLANG_WARN_UNGUARDED_AVAILABILITY = YES_AGGRESSIVE;
				CLANG_WARN_UNREACHABLE_CODE = YES;
				CLANG_WARN__DUPLICATE_METHOD_MATCH = YES;
				COPY_PHASE_STRIP = NO;
				DEBUG_INFORMATION_FORMAT = "dwarf-with-dsym";
				ENABLE_NS_ASSERTIONS = NO;
				ENABLE_STRICT_OBJC_MSGSEND = YES;
				ENABLE_USER_SCRIPT_SANDBOXING = YES;
				GCC_C_LANGUAGE_STANDARD = gnu17;
				GCC_NO_COMMON_BLOCKS = YES;
				GCC_WARN_64_TO_32_BIT_CONVERSION = YES;
				GCC_WARN_ABOUT_RETURN_TYPE = YES_ERROR;
				GCC_WARN_UNDECLARED_SELECTOR = YES;
				GCC_WARN_UNINITIALIZED_AUTOS = YES_AGGRESSIVE;
				GCC_WARN_UNUSED_FUNCTION = YES;
				GCC_WARN_UNUSED_VARIABLE = YES;
				IPHONEOS_DEPLOYMENT_TARGET = 17.4;
				LOCALIZATION_PREFERS_STRING_CATALOGS = YES;
				MTL_ENABLE_DEBUG_INFO = NO;
				MTL_FAST_MATH = YES;
				SDKROOT = iphoneos;
				SWIFT_COMPILATION_MODE = wholemodule;
				VALIDATE_PRODUCT = YES;
			};
			name = Release;
		};
		EC5CB9012BF0EC8E001369C6 /* Debug */ = {
			isa = XCBuildConfiguration;
			buildSettings = {
				ASSETCATALOG_COMPILER_APPICON_NAME = AppIcon;
				ASSETCATALOG_COMPILER_GLOBAL_ACCENT_COLOR_NAME = AccentColor;
				CODE_SIGN_STYLE = Automatic;
				CURRENT_PROJECT_VERSION = 1;
				DEVELOPMENT_ASSET_PATHS = "\"AnimationTutorial/Preview Content\"";
				DEVELOPMENT_TEAM = D22ZM93S77;
				ENABLE_PREVIEWS = YES;
				GENERATE_INFOPLIST_FILE = YES;
				INFOPLIST_KEY_UIApplicationSceneManifest_Generation = YES;
				INFOPLIST_KEY_UIApplicationSupportsIndirectInputEvents = YES;
				INFOPLIST_KEY_UILaunchScreen_Generation = YES;
				INFOPLIST_KEY_UISupportedInterfaceOrientations_iPad = "UIInterfaceOrientationPortrait UIInterfaceOrientationPortraitUpsideDown UIInterfaceOrientationLandscapeLeft UIInterfaceOrientationLandscapeRight";
				INFOPLIST_KEY_UISupportedInterfaceOrientations_iPhone = "UIInterfaceOrientationPortrait UIInterfaceOrientationLandscapeLeft UIInterfaceOrientationLandscapeRight";
				LD_RUNPATH_SEARCH_PATHS = (
					"$(inherited)",
					"@executable_path/Frameworks",
				);
				MARKETING_VERSION = 1.0;
				PRODUCT_BUNDLE_IDENTIFIER = com.pli.AnimationTutorial;
				PRODUCT_NAME = "$(TARGET_NAME)";
				SWIFT_EMIT_LOC_STRINGS = YES;
				SWIFT_VERSION = 5.0;
				TARGETED_DEVICE_FAMILY = "1,2";
			};
			name = Debug;
		};
		EC5CB9022BF0EC8E001369C6 /* Release */ = {
			isa = XCBuildConfiguration;
			buildSettings = {
				ASSETCATALOG_COMPILER_APPICON_NAME = AppIcon;
				ASSETCATALOG_COMPILER_GLOBAL_ACCENT_COLOR_NAME = AccentColor;
				CODE_SIGN_STYLE = Automatic;
				CURRENT_PROJECT_VERSION = 1;
				DEVELOPMENT_ASSET_PATHS = "\"AnimationTutorial/Preview Content\"";
				DEVELOPMENT_TEAM = D22ZM93S77;
				ENABLE_PREVIEWS = YES;
				GENERATE_INFOPLIST_FILE = YES;
				INFOPLIST_KEY_UIApplicationSceneManifest_Generation = YES;
				INFOPLIST_KEY_UIApplicationSupportsIndirectInputEvents = YES;
				INFOPLIST_KEY_UILaunchScreen_Generation = YES;
				INFOPLIST_KEY_UISupportedInterfaceOrientations_iPad = "UIInterfaceOrientationPortrait UIInterfaceOrientationPortraitUpsideDown UIInterfaceOrientationLandscapeLeft UIInterfaceOrientationLandscapeRight";
				INFOPLIST_KEY_UISupportedInterfaceOrientations_iPhone = "UIInterfaceOrientationPortrait UIInterfaceOrientationLandscapeLeft UIInterfaceOrientationLandscapeRight";
				LD_RUNPATH_SEARCH_PATHS = (
					"$(inherited)",
					"@executable_path/Frameworks",
				);
				MARKETING_VERSION = 1.0;
				PRODUCT_BUNDLE_IDENTIFIER = com.pli.AnimationTutorial;
				PRODUCT_NAME = "$(TARGET_NAME)";
				SWIFT_EMIT_LOC_STRINGS = YES;
				SWIFT_VERSION = 5.0;
				TARGETED_DEVICE_FAMILY = "1,2";
			};
			name = Release;
		};
/* End XCBuildConfiguration section */

/* Begin XCConfigurationList section */
		EC5CB8ED2BF0EC8E001369C6 /* Build configuration list for PBXProject "AnimationTutorial" */ = {
			isa = XCConfigurationList;
			buildConfigurations = (
				EC5CB8FE2BF0EC8E001369C6 /* Debug */,
				EC5CB8FF2BF0EC8E001369C6 /* Release */,
			);
			defaultConfigurationIsVisible = 0;
			defaultConfigurationName = Release;
		};
		EC5CB9002BF0EC8E001369C6 /* Build configuration list for PBXNativeTarget "AnimationTutorial" */ = {
			isa = XCConfigurationList;
			buildConfigurations = (
				EC5CB9012BF0EC8E001369C6 /* Debug */,
				EC5CB9022BF0EC8E001369C6 /* Release */,
			);
			defaultConfigurationIsVisible = 0;
			defaultConfigurationName = Release;
		};
/* End XCConfigurationList section */

/* Begin XCRemoteSwiftPackageReference section */
		EC5CB9032BF0ECBC001369C6 /* XCRemoteSwiftPackageReference "LinkNavigator" */ = {
			isa = XCRemoteSwiftPackageReference;
			repositoryURL = "https://github.com/forXifLess/LinkNavigator";
			requirement = {
				kind = upToNextMajorVersion;
				minimumVersion = 1.2.5;
			};
		};
/* End XCRemoteSwiftPackageReference section */

/* Begin XCSwiftPackageProductDependency section */
		EC5CB9042BF0ECBC001369C6 /* LinkNavigator */ = {
			isa = XCSwiftPackageProductDependency;
			package = EC5CB9032BF0ECBC001369C6 /* XCRemoteSwiftPackageReference "LinkNavigator" */;
			productName = LinkNavigator;
		};
/* End XCSwiftPackageProductDependency section */
	};
	rootObject = EC5CB8EA2BF0EC8E001369C6 /* Project object */;
}
